{
  "name": "counter",
  "version": "1.0.0",
  "lockfileVersion": 3,
  "requires": true,
  "packages": {
    "": {
      "name": "counter",
      "version": "1.0.0",
      "license": "ISC",
      "dependencies": {
        "@trpc/client": "11.0.0-rc.490",
        "@trpc/server": "11.0.0-rc.490",
        "prettier": "^3.3.3"
      },
      "devDependencies": {
        "typescript": "^5.5.4"
      }
    },
    "node_modules/@trpc/client": {
      "version": "11.0.0-rc.490",
      "resolved": "https://registry.npmjs.org/@trpc/client/-/client-11.0.0-rc.490.tgz",
      "integrity": "sha512-rfAzHF27osuP36JWGzq9TgXMnNc5kk1oAIoMafVHkCu3XlEZH3Ym2BpucHBWp/b5JYrtvzM91jskzvE0yO3mYw==",
      "funding": [
        "https://trpc.io/sponsor"
      ],
      "peerDependencies": {
        "@trpc/server": "11.0.0-rc.490+b6a851870"
      }
    },
    "node_modules/@trpc/server": {
      "version": "11.0.0-rc.490",
      "resolved": "https://registry.npmjs.org/@trpc/server/-/server-11.0.0-rc.490.tgz",
      "integrity": "sha512-JkKLvA0QIErqslsgU6uFvpv9xtxe78C59zqUdZFmUI0V9pIAJlxmODV4I9hTDcX8P+B30rP3z+q2+bPozN2MaQ==",
      "funding": [
        "https://trpc.io/sponsor"
      ]
    },
    "node_modules/prettier": {
      "version": "3.3.3",
      "resolved": "https://registry.npmjs.org/prettier/-/prettier-3.3.3.tgz",
      "integrity": "sha512-i2tDNA0O5IrMO757lfrdQZCc2jPNDVntV0m/+4whiDfWaTKfMNgR7Qz0NAeGz/nRqF4m5/6CLzbP4/liHt12Ew==",
      "bin": {
        "prettier": "bin/prettier.cjs"
      },
      "engines": {
        "node": ">=14"
      },
      "funding": {
        "url": "https://github.com/prettier/prettier?sponsor=1"
      }
    },
    "node_modules/typescript": {
      "version": "5.5.4",
      "resolved": "https://registry.npmjs.org/typescript/-/typescript-5.5.4.tgz",
      "integrity": "sha512-Mtq29sKDAEYP7aljRgtPOpTvOfbwRWlS6dPRzwjdE+C0R4brX/GUyhHSecbHMFLNBLcJIPt9nl9yG5TZ1weH+Q==",
      "dev": true,
      "bin": {
        "tsc": "bin/tsc",
        "tsserver": "bin/tsserver"
      },
      "engines": {
        "node": ">=14.17"
      }
    }
  }
}
