lockfileVersion: '9.0'

settings:
  autoInstallPeers: true
  excludeLinksFromLockfile: false

importers:

  .:
    dependencies:
      '@trpc/client':
        specifier: 11.0.0-rc.490
        version: 11.0.0-rc.490(@trpc/server@11.0.0-rc.490)
      '@trpc/server':
        specifier: 11.0.0-rc.490
        version: 11.0.0-rc.490
      prettier:
        specifier: ^3.3.3
        version: 3.3.3
    devDependencies:
      typescript:
        specifier: ^5.5.4
        version: 5.5.4

packages:

  '@trpc/client@11.0.0-rc.490':
    resolution: {integrity: sha512-rfAzHF27osuP36JWGzq9TgXMnNc5kk1oAIoMafVHkCu3XlEZH3Ym2BpucHBWp/b5JYrtvzM91jskzvE0yO3mYw==}
    peerDependencies:
      '@trpc/server': 11.0.0-rc.490+b6a851870

  '@trpc/server@11.0.0-rc.490':
    resolution: {integrity: sha512-JkKLvA0QIErqslsgU6uFvpv9xtxe78C59zqUdZFmUI0V9pIAJlxmODV4I9hTDcX8P+B30rP3z+q2+bPozN2MaQ==}

  prettier@3.3.3:
    resolution: {integrity: sha512-i2tDNA0O5IrMO757lfrdQZCc2jPNDVntV0m/+4whiDfWaTKfMNgR7Qz0NAeGz/nRqF4m5/6CLzbP4/liHt12Ew==}
    engines: {node: '>=14'}
    hasBin: true

  typescript@5.5.4:
    resolution: {integrity: sha512-Mtq29sKDAEYP7aljRgtPOpTvOfbwRWlS6dPRzwjdE+C0R4brX/GUyhHSecbHMFLNBLcJIPt9nl9yG5TZ1weH+Q==}
    engines: {node: '>=14.17'}
    hasBin: true

snapshots:

  '@trpc/client@11.0.0-rc.490(@trpc/server@11.0.0-rc.490)':
    dependencies:
      '@trpc/server': 11.0.0-rc.490

  '@trpc/server@11.0.0-rc.490': {}

  prettier@3.3.3: {}

  typescript@5.5.4: {}
